
Microsoft Visual Studio Solution File, Format Version 12.00
# Visual Studio 15
VisualStudioVersion = 15.0.26124.0
MinimumVisualStudioVersion = 15.0.26124.0
Project("{FAE04EC0-301F-11D3-BF4B-00C04F79EFBC}") = "Control.Domain", "Control.Domain\Control.Domain.csproj", "{3B2B5D8A-3B81-47F9-83BC-DC512CC5B433}"
EndProject
Project("{FAE04EC0-301F-11D3-BF4B-00C04F79EFBC}") = "Control.Domain.Api", "Control.Domain.Api\Control.Domain.Api.csproj", "{09DA5373-6F7B-4888-AC18-2228F589C4EE}"
EndProject
Project("{FAE04EC0-301F-11D3-BF4B-00C04F79EFBC}") = "Control.Domain.Test", "Control.Domain.Test\Control.Domain.Test.csproj", "{47D2C726-30B0-45DD-94C6-2CDE5D73ECAF}"
EndProject
Global
	GlobalSection(SolutionConfigurationPlatforms) = preSolution
		Debug|Any CPU = Debug|Any CPU
		Debug|x64 = Debug|x64
		Debug|x86 = Debug|x86
		Release|Any CPU = Release|Any CPU
		Release|x64 = Release|x64
		Release|x86 = Release|x86
	EndGlobalSection
	GlobalSection(SolutionProperties) = preSolution
		HideSolutionNode = FALSE
	EndGlobalSection
	GlobalSection(ProjectConfigurationPlatforms) = postSolution
		{3B2B5D8A-3B81-47F9-83BC-DC512CC5B433}.Debug|Any CPU.ActiveCfg = Debug|Any CPU
		{3B2B5D8A-3B81-47F9-83BC-DC512CC5B433}.Debug|Any CPU.Build.0 = Debug|Any CPU
		{3B2B5D8A-3B81-47F9-83BC-DC512CC5B433}.Debug|x64.ActiveCfg = Debug|Any CPU
		{3B2B5D8A-3B81-47F9-83BC-DC512CC5B433}.Debug|x64.Build.0 = Debug|Any CPU
		{3B2B5D8A-3B81-47F9-83BC-DC512CC5B433}.Debug|x86.ActiveCfg = Debug|Any CPU
		{3B2B5D8A-3B81-47F9-83BC-DC512CC5B433}.Debug|x86.Build.0 = Debug|Any CPU
		{3B2B5D8A-3B81-47F9-83BC-DC512CC5B433}.Release|Any CPU.ActiveCfg = Release|Any CPU
		{3B2B5D8A-3B81-47F9-83BC-DC512CC5B433}.Release|Any CPU.Build.0 = Release|Any CPU
		{3B2B5D8A-3B81-47F9-83BC-DC512CC5B433}.Release|x64.ActiveCfg = Release|Any CPU
		{3B2B5D8A-3B81-47F9-83BC-DC512CC5B433}.Release|x64.Build.0 = Release|Any CPU
		{3B2B5D8A-3B81-47F9-83BC-DC512CC5B433}.Release|x86.ActiveCfg = Release|Any CPU
		{3B2B5D8A-3B81-47F9-83BC-DC512CC5B433}.Release|x86.Build.0 = Release|Any CPU
		{09DA5373-6F7B-4888-AC18-2228F589C4EE}.Debug|Any CPU.ActiveCfg = Debug|Any CPU
		{09DA5373-6F7B-4888-AC18-2228F589C4EE}.Debug|Any CPU.Build.0 = Debug|Any CPU
		{09DA5373-6F7B-4888-AC18-2228F589C4EE}.Debug|x64.ActiveCfg = Debug|Any CPU
		{09DA5373-6F7B-4888-AC18-2228F589C4EE}.Debug|x64.Build.0 = Debug|Any CPU
		{09DA5373-6F7B-4888-AC18-2228F589C4EE}.Debug|x86.ActiveCfg = Debug|Any CPU
		{09DA5373-6F7B-4888-AC18-2228F589C4EE}.Debug|x86.Build.0 = Debug|Any CPU
		{09DA5373-6F7B-4888-AC18-2228F589C4EE}.Release|Any CPU.ActiveCfg = Release|Any CPU
		{09DA5373-6F7B-4888-AC18-2228F589C4EE}.Release|Any CPU.Build.0 = Release|Any CPU
		{09DA5373-6F7B-4888-AC18-2228F589C4EE}.Release|x64.ActiveCfg = Release|Any CPU
		{09DA5373-6F7B-4888-AC18-2228F589C4EE}.Release|x64.Build.0 = Release|Any CPU
		{09DA5373-6F7B-4888-AC18-2228F589C4EE}.Release|x86.ActiveCfg = Release|Any CPU
		{09DA5373-6F7B-4888-AC18-2228F589C4EE}.Release|x86.Build.0 = Release|Any CPU
		{47D2C726-30B0-45DD-94C6-2CDE5D73ECAF}.Debug|Any CPU.ActiveCfg = Debug|Any CPU
		{47D2C726-30B0-45DD-94C6-2CDE5D73ECAF}.Debug|Any CPU.Build.0 = Debug|Any CPU
		{47D2C726-30B0-45DD-94C6-2CDE5D73ECAF}.Debug|x64.ActiveCfg = Debug|Any CPU
		{47D2C726-30B0-45DD-94C6-2CDE5D73ECAF}.Debug|x64.Build.0 = Debug|Any CPU
		{47D2C726-30B0-45DD-94C6-2CDE5D73ECAF}.Debug|x86.ActiveCfg = Debug|Any CPU
		{47D2C726-30B0-45DD-94C6-2CDE5D73ECAF}.Debug|x86.Build.0 = Debug|Any CPU
		{47D2C726-30B0-45DD-94C6-2CDE5D73ECAF}.Release|Any CPU.ActiveCfg = Release|Any CPU
		{47D2C726-30B0-45DD-94C6-2CDE5D73ECAF}.Release|Any CPU.Build.0 = Release|Any CPU
		{47D2C726-30B0-45DD-94C6-2CDE5D73ECAF}.Release|x64.ActiveCfg = Release|Any CPU
		{47D2C726-30B0-45DD-94C6-2CDE5D73ECAF}.Release|x64.Build.0 = Release|Any CPU
		{47D2C726-30B0-45DD-94C6-2CDE5D73ECAF}.Release|x86.ActiveCfg = Release|Any CPU
		{47D2C726-30B0-45DD-94C6-2CDE5D73ECAF}.Release|x86.Build.0 = Release|Any CPU
	EndGlobalSection
EndGlobal
